
Microsoft Visual Studio Solution File, Format Version 12.00
# Visual Studio Version 17
VisualStudioVersion = 17.9.34723.18
MinimumVisualStudioVersion = 10.0.40219.1
Project("{FAE04EC0-301F-11D3-BF4B-00C04F79EFBC}") = "CapaPresentacion", "CapaPresentacion.csproj", "{1ACB20A6-43D9-405E-9ACB-5B7EDA2CB080}"
EndProject
Project("{FAE04EC0-301F-11D3-BF4B-00C04F79EFBC}") = "CapaDatos", "..\CapaDatos\CapaDatos.csproj", "{02525CBE-8EF0-4D61-9FCB-B0536837DCDB}"
EndProject
Project("{FAE04EC0-301F-11D3-BF4B-00C04F79EFBC}") = "CapaLogica", "..\CapaLogica\CapaLogica.csproj", "{6B60D316-A3F2-421E-8AEA-1FBBC95A3953}"
EndProject
Project("{FAE04EC0-301F-11D3-BF4B-00C04F79EFBC}") = "CapaEntidad", "..\CapaEntidad\CapaEntidad.csproj", "{1B43042C-DE57-4131-B6D9-3185C5A1AFA0}"
EndProject
Global
	GlobalSection(SolutionConfigurationPlatforms) = preSolution
		Debug|Any CPU = Debug|Any CPU
		Release|Any CPU = Release|Any CPU
	EndGlobalSection
	GlobalSection(ProjectConfigurationPlatforms) = postSolution
		{1ACB20A6-43D9-405E-9ACB-5B7EDA2CB080}.Debug|Any CPU.ActiveCfg = Debug|Any CPU
		{1ACB20A6-43D9-405E-9ACB-5B7EDA2CB080}.Debug|Any CPU.Build.0 = Debug|Any CPU
		{1ACB20A6-43D9-405E-9ACB-5B7EDA2CB080}.Release|Any CPU.ActiveCfg = Release|Any CPU
		{1ACB20A6-43D9-405E-9ACB-5B7EDA2CB080}.Release|Any CPU.Build.0 = Release|Any CPU
		{02525CBE-8EF0-4D61-9FCB-B0536837DCDB}.Debug|Any CPU.ActiveCfg = Debug|Any CPU
		{02525CBE-8EF0-4D61-9FCB-B0536837DCDB}.Debug|Any CPU.Build.0 = Debug|Any CPU
		{02525CBE-8EF0-4D61-9FCB-B0536837DCDB}.Release|Any CPU.ActiveCfg = Release|Any CPU
		{02525CBE-8EF0-4D61-9FCB-B0536837DCDB}.Release|Any CPU.Build.0 = Release|Any CPU
		{6B60D316-A3F2-421E-8AEA-1FBBC95A3953}.Debug|Any CPU.ActiveCfg = Debug|Any CPU
		{6B60D316-A3F2-421E-8AEA-1FBBC95A3953}.Debug|Any CPU.Build.0 = Debug|Any CPU
		{6B60D316-A3F2-421E-8AEA-1FBBC95A3953}.Release|Any CPU.ActiveCfg = Release|Any CPU
		{6B60D316-A3F2-421E-8AEA-1FBBC95A3953}.Release|Any CPU.Build.0 = Release|Any CPU
		{1B43042C-DE57-4131-B6D9-3185C5A1AFA0}.Debug|Any CPU.ActiveCfg = Debug|Any CPU
		{1B43042C-DE57-4131-B6D9-3185C5A1AFA0}.Debug|Any CPU.Build.0 = Debug|Any CPU
		{1B43042C-DE57-4131-B6D9-3185C5A1AFA0}.Release|Any CPU.ActiveCfg = Release|Any CPU
		{1B43042C-DE57-4131-B6D9-3185C5A1AFA0}.Release|Any CPU.Build.0 = Release|Any CPU
	EndGlobalSection
	GlobalSection(SolutionProperties) = preSolution
		HideSolutionNode = FALSE
	EndGlobalSection
	GlobalSection(ExtensibilityGlobals) = postSolution
		SolutionGuid = {71203D49-7D4C-4C6C-B618-1E057D45AF25}
	EndGlobalSection
EndGlobal
